# THIS IS AN AUTOGENERATED FILE. DO NOT EDIT THIS FILE DIRECTLY.
# yarn lockfile v1


"@envelop/core@^5.5.1":
  version "5.5.1"
  resolved "https://registry.yarnpkg.com/@envelop/core/-/core-5.5.1.tgz#ca30c927b3a7d7f118d36111e17b355eedae9ff4"
  integrity sha512-3DQg8sFskDo386TkL5j12jyRAdip/8yzK3x7YGbZBgobZ4aKXrvDU0GppU0SnmrpQnNaiTUsxBs9LKkwQ/eyvw==
  dependencies:
    "@envelop/instrumentation" "^1.0.0"
    "@envelop/types" "^5.2.1"
    "@whatwg-node/promise-helpers" "^1.2.4"
    tslib "^2.5.0"

"@envelop/instrumentation@^1.0.0":
  version "1.0.0"
  resolved "https://registry.yarnpkg.com/@envelop/instrumentation/-/instrumentation-1.0.0.tgz#43268392e065d8ba975cacbdf4fc297dfe3e11e5"
  integrity sha512-cxgkB66RQB95H3X27jlnxCRNTmPuSTgmBAq6/4n2Dtv4hsk4yz8FadA1ggmd0uZzvKqWD6CR+WFgTjhDqg7eyw==
  dependencies:
    "@whatwg-node/promise-helpers" "^1.2.1"
    tslib "^2.5.0"

"@envelop/types@^5.2.1":
  version "5.2.1"
  resolved "https://registry.yarnpkg.com/@envelop/types/-/types-5.2.1.tgz#6bc9713f2aea56d7de3ea39e8bb70035c0475b36"
  integrity sha512-CsFmA3u3c2QoLDTfEpGr4t25fjMU31nyvse7IzWTvb0ZycuPjMjb0fjlheh+PbhBYb9YLugnT2uY6Mwcg1o+Zg==
  dependencies:
    "@whatwg-node/promise-helpers" "^1.0.0"
    tslib "^2.5.0"

"@esbuild/aix-ppc64@0.28.1":
  version "0.28.1"
  resolved "https://registry.yarnpkg.com/@esbuild/aix-ppc64/-/aix-ppc64-0.28.1.tgz#7a01a8d2ec2fbb2dac78adad09b0fa781e4082be"
  integrity sha512-Svl7tq8k/08+p6CXPpRjQ1fKX+1odH/BQbb48fV6fj3CWHhsoIOoY87w1oHXm0qEpkIK3ZfVgp0hed3XBXzXMQ==

"@esbuild/android-arm64@0.28.1":
  version "0.28.1"
  resolved "https://registry.yarnpkg.com/@esbuild/android-arm64/-/android-arm64-0.28.1.tgz#b540a27d14e4afd058496a4dbec4d3f414db110a"
  integrity sha512-34EGEbCIAgosYz6goLcopX6Mo7NyGv9tfwEM2/7Ce2VcVRk568iSvniGWcUXIy7wEDR1wzolcxcriFVrWYcwBg==

"@esbuild/android-arm@0.28.1":
  version "0.28.1"
  resolved "https://registry.yarnpkg.com/@esbuild/android-arm/-/android-arm-0.28.1.tgz#704bd297de6d762de54eabbeafbf55f6756abe2f"
  integrity sha512-0k2F129Xdio1TdJfzJ8sy1Q47vUD2NnwdhiAf7drUN1EBTfPf4hsFCtmMgu/6m8JSzsBrlmVjudMBQqOfG8usQ==

"@esbuild/android-x64@0.28.1":
  version "0.28.1"
  resolved "https://registry.yarnpkg.com/@esbuild/android-x64/-/android-x64-0.28.1.tgz#d1cb166d34b0fbf0fe8ab460a5594f24a378701e"
  integrity sha512-dbwY7ltSMDWsRatcRpCnES4F+im88OCUgGZjy52shC7GqHRE/cYlxNbB4Z4UpJswpcc4Qxd2oE/ufM0p61IKng==

"@esbuild/darwin-arm64@0.28.1":
  version "0.28.1"
  resolved "https://registry.yarnpkg.com/@esbuild/darwin-arm64/-/darwin-arm64-0.28.1.tgz#1034b26457fc886368fe61bbd09f653f6afa8e54"
  integrity sha512-TZbWkQY7kvTAXbXUT7uVACR5cMHsDiSz9z7ZKAX/RTq/WJEk3QyRr0wZpNhBDX+/0CtdqUIJlOiodQcta6tY3Q==

"@esbuild/darwin-x64@0.28.1":
  version "0.28.1"
  resolved "https://registry.yarnpkg.com/@esbuild/darwin-x64/-/darwin-x64-0.28.1.tgz#65556a432a1e4d72032d8218c1932fcca1a49772"
  integrity sha512-zfdzgK9ACBNZLI/CyHTOx81SyNbM6YXn7rxSgX97VjyiPl9W1i4Ka4fgKECEoFCKGpvBj5qArWIGgQjOwkgskQ==

"@esbuild/freebsd-arm64@0.28.1":
  version "0.28.1"
  resolved "https://registry.yarnpkg.com/@esbuild/freebsd-arm64/-/freebsd-arm64-0.28.1.tgz#2e61e0592f9030d7e3dae18ee25ebc535918aef6"
  integrity sha512-wG2EA8ENdEI0qhkSZMjfqrdY+ziCYCPMmtZjjIwOmXFjmyzEHn+UUxk5of+SYsjtfs3VpnlC7QLzSI5hY/rOAw==

"@esbuild/freebsd-x64@0.28.1":
  version "0.28.1"
  resolved "https://registry.yarnpkg.com/@esbuild/freebsd-x64/-/freebsd-x64-0.28.1.tgz#c95ec289959ef8079c4dca817a1e2c4be66b9bd3"
  integrity sha512-i7dZ9vQgnvSCzi/rYCXNgtF/U+eKZNJBzu3eTQbRgHnM7tNSizLOkRFAl3qzVc/Op/u5YkHHa4pf/3DOYHthLQ==

"@esbuild/linux-arm64@0.28.1":
  version "0.28.1"
  resolved "https://registry.yarnpkg.com/@esbuild/linux-arm64/-/linux-arm64-0.28.1.tgz#40b22175dda06182f3ee8141186c5ff304c4a717"
  integrity sha512-yHs+0uc8+nvEAfAfxrWQKK5peSNzBc4PegcMO0EJ2hT71uA7vB8Ihg2e77R2P7SG5uYjPbHlLLmve4LLLRCf0g==

"@esbuild/linux-arm@0.28.1":
  version "0.28.1"
  resolved "https://registry.yarnpkg.com/@esbuild/linux-arm/-/linux-arm-0.28.1.tgz#c09a0f67917592ac0de892a9be4d3814debd2a6c"
  integrity sha512-qVXBOHQS+d5Y722GwJzJUtOLlX7km3CraOaGormF1pDtPd2C/l1SHRPgjLunLGe51Sh5YYWKMFDyV4SxgMQYTQ==

"@esbuild/linux-ia32@0.28.1":
  version "0.28.1"
  resolved "https://registry.yarnpkg.com/@esbuild/linux-ia32/-/linux-ia32-0.28.1.tgz#a580f9c676797833891e519fc7a1337c8afd8db3"
  integrity sha512-d1z4ZuP0ajrfz/FhGT4vv278rX8KnPPJx8i5+AtK7TYbx9Le9F1hyzurZpkEyjkGa9dUGhQow4C1NmeGvqxN2w==

"@esbuild/linux-loong64@0.28.1":
  version "0.28.1"
  resolved "https://registry.yarnpkg.com/@esbuild/linux-loong64/-/linux-loong64-0.28.1.tgz#46452cf321dc7f9e91c2fa780a56bb56e79cd68b"
  integrity sha512-M5sRjUVZrkm1OAPR3dlOYzNmN+loZKGVi1VUQGrwuqLcbR6qeAz+famMhjASeH3YVKvZz+zT1jlh/keC3Rj/lg==

"@esbuild/linux-mips64el@0.28.1":
  version "0.28.1"
  resolved "https://registry.yarnpkg.com/@esbuild/linux-mips64el/-/linux-mips64el-0.28.1.tgz#4211b3184dd6608f53dcb22e39f5d34ee08852c8"
  integrity sha512-mRObBZeHh2OxcBFPWE/FjylkRgZdYuiTR3vaTozquCGOH14iP9oN4x4Ge81CoIDYQrXmIxpFumJBu5MtZpnQJQ==

"@esbuild/linux-ppc64@0.28.1":
  version "0.28.1"
  resolved "https://registry.yarnpkg.com/@esbuild/linux-ppc64/-/linux-ppc64-0.28.1.tgz#697857c2a61cb9b0b6bb6652e40c1dc5e1ca8e5d"
  integrity sha512-slScBsMAb3GFDcdrCgLwZtPYRoH2H/youv10QiZyRjmsP48fznoveWytSgCI/R0ZcUgpc0ZhIUEx6LHts8yrfQ==

"@esbuild/linux-riscv64@0.28.1":
  version "0.28.1"
  resolved "https://registry.yarnpkg.com/@esbuild/linux-riscv64/-/linux-riscv64-0.28.1.tgz#d192943eb146a40ac4c6497d0cf7be35b986bf08"
  integrity sha512-kw0owk1o0GFETUJyW0jc0G4Yzs0BHZn0JDZ8JRT088vjJYX777BAs1fDGxAC+q831qOs2DTC96mNsG2opdfyyQ==

"@esbuild/linux-s390x@0.28.1":
  version "0.28.1"
  resolved "https://registry.yarnpkg.com/@esbuild/linux-s390x/-/linux-s390x-0.28.1.tgz#acea0356da0e0ebc08f97cf7b9c2e401e1e648dc"
  integrity sha512-/lAIjX8aYFRByhh6L5rYtPEDRqa9de/4V/juOXcta5frjvzXO4/sqEtyytse0g3zZFuWu5cDN0MkLz2qRDD2Ag==

"@esbuild/linux-x64@0.28.1":
  version "0.28.1"
  resolved "https://registry.yarnpkg.com/@esbuild/linux-x64/-/linux-x64-0.28.1.tgz#6f0c3ce0cb64c534b70c4c45ecb2c16d34e35dfd"
  integrity sha512-u/anNYF2mmVOEDwLtnQ1wOr3EZ9sTNGLWrsYGYwHWzGA3Si84IOkHXlbWTD1NB+9/1lcnweYKO54uhxZydNzfA==

"@esbuild/netbsd-arm64@0.28.1":
  version "0.28.1"
  resolved "https://registry.yarnpkg.com/@esbuild/netbsd-arm64/-/netbsd-arm64-0.28.1.tgz#8bcd77077a0dce3378b574fedb26d2a253b73d36"
  integrity sha512-oks0DYbLwWMmaakTsCb+zL4E+aHRVLom9IJZOAthMQEPiQmydXHkziYEsGYRx0uNV/IjEKGAV941JzH02pflqw==

"@esbuild/netbsd-x64@0.28.1":
  version "0.28.1"
  resolved "https://registry.yarnpkg.com/@esbuild/netbsd-x64/-/netbsd-x64-0.28.1.tgz#e7fb2a01e99c830c94e6623cd9fefb4c8fb58347"
  integrity sha512-aeL6lAnN89Hz43Mlh1G8ARasbuoYvSITDEx0tHh5b7jJnHcssqgjy9Yx430GDpmCa6OyrKoS0aNRjKundRizGg==

"@esbuild/openbsd-arm64@0.28.1":
  version "0.28.1"
  resolved "https://registry.yarnpkg.com/@esbuild/openbsd-arm64/-/openbsd-arm64-0.28.1.tgz#c52909372db8b86e2c55e05a8940033b5660a3b2"
  integrity sha512-MEFJe5C3R8pwXdZ5Y21oo6m7ePiS0d9pWucn99O/wvyJZChoIQKrQDxKrGeW8F5+T0okTHesAmDeiHDTIq0V/Q==

"@esbuild/openbsd-x64@0.28.1":
  version "0.28.1"
  resolved "https://registry.yarnpkg.com/@esbuild/openbsd-x64/-/openbsd-x64-0.28.1.tgz#c427b9be5a64c262ff9a7eb70b5fbbaadf446c6c"
  integrity sha512-i/ZLIOafE0Z8cI/XANJAixoJL/uRAoS2xOA3rb0xN+KK0K177cMAsQYkzHtBrtMXAKuAc7HGgcWiZ/sRC1Nxgw==

"@esbuild/openharmony-arm64@0.28.1":
  version "0.28.1"
  resolved "https://registry.yarnpkg.com/@esbuild/openharmony-arm64/-/openharmony-arm64-0.28.1.tgz#dc9b147baca2e6c4b3c85571741ef4860a489097"
  integrity sha512-ge+Z7EXFNt2BO1oAMsVpiQ8EwndV9i1xXerAeTIK7AtPs3bKFXQM7nlRxDSIUIMeueR1CNXxqztLzdNeReKBJg==

"@esbuild/sunos-x64@0.28.1":
  version "0.28.1"
  resolved "https://registry.yarnpkg.com/@esbuild/sunos-x64/-/sunos-x64-0.28.1.tgz#ce866d12df13c15e4c99f073a3d466f6e0649b3a"
  integrity sha512-BEjgtECkL3vY+SaSQ6nzVfiALUeFxpawyp8Jmf5PtYhf1Ug40N1h/hxlhts+f1FvSvarEigdxS3BlSMI2PJLcQ==

"@esbuild/win32-arm64@0.28.1":
  version "0.28.1"
  resolved "https://registry.yarnpkg.com/@esbuild/win32-arm64/-/win32-arm64-0.28.1.tgz#7468e3692d01d629d5941e5d83817bb80f9e39b4"
  integrity sha512-lCv9eK/H6ZJWbE7bh2nw54CZ9M2nupBxJcTsdk/QQnWkdSjKGuxmmH8/GWrlT1eMmZfn4dGcCjRte397WqfQXA==

"@esbuild/win32-ia32@0.28.1":
  version "0.28.1"
  resolved "https://registry.yarnpkg.com/@esbuild/win32-ia32/-/win32-ia32-0.28.1.tgz#a5bc0063fb2bcab6d0ed63f2a1537958bc269ec6"
  integrity sha512-zvb/mB2bSCoJOpoCBgYKKpX6YM6mJBlBUVUtVj41DlZJVEB6/0CKlRYxP5wWl1C1ILiCoAU5wZZ4q1P3qeS6Eg==

"@esbuild/win32-x64@0.28.1":
  version "0.28.1"
  resolved "https://registry.yarnpkg.com/@esbuild/win32-x64/-/win32-x64-0.28.1.tgz#10064ee44f4347b90c9a02b446bbf80a91632b12"
  integrity sha512-bm4Mowrv+GXMlpWX++EcXw/iLyd1o3+bJkC2DkWXYVvgZCqD/bSj9ctZeAMC3cIxgjRVR2Dufaiu4YPxr5gW1A==

"@fastify/busboy@^3.1.1":
  version "3.2.0"
  resolved "https://registry.yarnpkg.com/@fastify/busboy/-/busboy-3.2.0.tgz#13ed8212f3b9ba697611529d15347f8528058cea"
  integrity sha512-m9FVDXU3GT2ITSe0UaMA5rU3QkfC/UXtCU8y0gSN/GugTqtVldOBWIB5V6V3sbmenVZUIpU6f+mPEO2+m5iTaA==

"@graphql-tools/executor@^1.5.0":
  version "1.5.7"
  resolved "https://registry.yarnpkg.com/@graphql-tools/executor/-/executor-1.5.7.tgz#a478942264aaf9e7582f5379627251fa7979e198"
  integrity sha512-UcXVClkBml+qyGEsQxfEaAkboqySVGFUd9ivn7pDc9jZSckgF6zL21cNxuRH5ZA2exneV3PTtcc0I0rDOdE0Tg==
  dependencies:
    "@graphql-tools/utils" "^11.2.2"
    "@graphql-typed-document-node/core" "^3.2.0"
    "@repeaterjs/repeater" "^3.1.0"
    "@whatwg-node/disposablestack" "^0.0.6"
    "@whatwg-node/promise-helpers" "^1.0.0"
    tslib "^2.4.0"

"@graphql-tools/merge@^9.2.2":
  version "9.2.2"
  resolved "https://registry.yarnpkg.com/@graphql-tools/merge/-/merge-9.2.2.tgz#a67b790653012e83274c52bebfc39283bdd8ae90"
  integrity sha512-DSLLAztOIQId7QE3m8Ehk5lV+0pjxNSSRDHPzlYQ9E4KJ9AoUMBprC4C+eX3v4srh05S2ujm5/veqAr5yEWFSQ==
  dependencies:
    "@graphql-tools/utils" "^11.2.2"
    tslib "^2.4.0"

"@graphql-tools/schema@^10.0.11":
  version "10.0.38"
  resolved "https://registry.yarnpkg.com/@graphql-tools/schema/-/schema-10.0.38.tgz#ac5e8c21a512ddcec7ae6adf4dff9fa08b1f3d28"
  integrity sha512-Kckk2/vm+rELJ7ijvFaAn9ouWSVUTD0D4SJIvYF4rKeuQHAfCzE/jzMFonZVpTXleqJjPXLZjVbuaMorw7A5Og==
  dependencies:
    "@graphql-tools/merge" "^9.2.2"
    "@graphql-tools/utils" "^11.2.2"
    tslib "^2.4.0"

"@graphql-tools/utils@^10.11.0":
  version "10.11.0"
  resolved "https://registry.yarnpkg.com/@graphql-tools/utils/-/utils-10.11.0.tgz#2513dca9ca25bab5a2651da2d66c37b1e2616bdf"
  integrity sha512-iBFR9GXIs0gCD+yc3hoNswViL1O5josI33dUqiNStFI/MHLCEPduasceAcazRH77YONKNiviHBV8f7OgcT4o2Q==
  dependencies:
    "@graphql-typed-document-node/core" "^3.1.1"
    "@whatwg-node/promise-helpers" "^1.0.0"
    cross-inspect "1.0.1"
    tslib "^2.4.0"

"@graphql-tools/utils@^11.2.2":
  version "11.2.2"
  resolved "https://registry.yarnpkg.com/@graphql-tools/utils/-/utils-11.2.2.tgz#5e2c8458dc31d856c94cab0a02aabfd9a5e6e616"
  integrity sha512-Do2A/t6ayqOma8m7PvpYMsCBswL+NB35BQSng4GWSBqafL2/BnfAZy/NSENPwV721Rm2fG0BHETFC0+FJJZmLw==
  dependencies:
    "@graphql-typed-document-node/core" "^3.1.1"
    "@whatwg-node/promise-helpers" "^1.0.0"
    cross-inspect "1.0.1"
    tslib "^2.4.0"

"@graphql-typed-document-node/core@^3.1.1", "@graphql-typed-document-node/core@^3.2.0":
  version "3.2.0"
  resolved "https://registry.yarnpkg.com/@graphql-typed-document-node/core/-/core-3.2.0.tgz#5f3d96ec6b2354ad6d8a28bf216a1d97b5426861"
  integrity sha512-mB9oAsNCm9aM3/SOv4YtBMqZbYj10R7dkq8byBqxGY/ncFwhf2oQzMV+LCRlWoDSEBJ3COiR1yeDvMtsoOsuFQ==

"@graphql-yoga/logger@^2.0.1":
  version "2.0.1"
  resolved "https://registry.yarnpkg.com/@graphql-yoga/logger/-/logger-2.0.1.tgz#b3d18371c07bb2fe03417e3920ddcaebb2ee0262"
  integrity sha512-Nv0BoDGLMg9QBKy9cIswQ3/6aKaKjlTh87x3GiBg2Z4RrjyrM48DvOOK0pJh1C1At+b0mUIM67cwZcFTDLN4sA==
  dependencies:
    tslib "^2.8.1"

"@graphql-yoga/subscription@^5.0.5":
  version "5.0.5"
  resolved "https://registry.yarnpkg.com/@graphql-yoga/subscription/-/subscription-5.0.5.tgz#55e1dc472de866185d7c122e2c534023a331f65c"
  integrity sha512-oCMWOqFs6QV96/NZRt/ZhTQvzjkGB4YohBOpKM4jH/lDT4qb7Lex/aGCxpi/JD9njw3zBBtMqxbaC22+tFHVvw==
  dependencies:
    "@graphql-yoga/typed-event-target" "^3.0.2"
    "@repeaterjs/repeater" "^3.0.4"
    "@whatwg-node/events" "^0.1.0"
    tslib "^2.8.1"

"@graphql-yoga/typed-event-target@^3.0.2":
  version "3.0.2"
  resolved "https://registry.yarnpkg.com/@graphql-yoga/typed-event-target/-/typed-event-target-3.0.2.tgz#af29ed2a5a84062ffab8e404b335ec4d4c37ceb4"
  integrity sha512-ZpJxMqB+Qfe3rp6uszCQoag4nSw42icURnBRfFYSOmTgEeOe4rD0vYlbA8spvCu2TlCesNTlEN9BLWtQqLxabA==
  dependencies:
    "@repeaterjs/repeater" "^3.0.4"
    tslib "^2.8.1"

"@pothos/core@^4.13.1":
  version "4.13.1"
  resolved "https://registry.yarnpkg.com/@pothos/core/-/core-4.13.1.tgz#e8ff09707790882185e5cbbd837b568254e458d6"
  integrity sha512-2hkLxmvrT7VnbiWAfYhfF09PjaHeflZ5HrBHYzU6Tn/P9tDviuZS7IS5xO4k/KnK5GkRo3YxDzXyn+HnkEkVNw==

"@pothos/plugin-prisma@^4.15.0":
  version "4.15.0"
  resolved "https://registry.yarnpkg.com/@pothos/plugin-prisma/-/plugin-prisma-4.15.0.tgz#10348563efb93f577e13cc17a44bcf934793fddc"
  integrity sha512-17UQN3WsnsPW9WhxAWgGb2s6yYKhN2Y/lD3bVDCo5puRgNP7XCf3L8S0MVXiJUvqosaBAMt8Da7V2OumWLVxgg==
  dependencies:
    "@prisma/generator-helper" "^7.7.0"

"@prisma/client@5.14.0":
  version "5.14.0"
  resolved "https://registry.yarnpkg.com/@prisma/client/-/client-5.14.0.tgz#dadca5bb1137ddcebb454bbdaf89423823d3363f"
  integrity sha512-akMSuyvLKeoU4LeyBAUdThP/uhVP3GuLygFE3MlYzaCb3/J8SfsYBE5PkaFuLuVpLyA6sFoW+16z/aPhNAESqg==

"@prisma/debug@5.14.0":
  version "5.14.0"
  resolved "https://registry.yarnpkg.com/@prisma/debug/-/debug-5.14.0.tgz#1227c705893c38284f7c63d72441480ebaa12605"
  integrity sha512-iq56qBZuFfX3fCxoxT8gBX33lQzomBU0qIUaEj1RebsKVz1ob/BVH1XSBwwwvRVtZEV1b7Fxx2eVu34Ge/mg3w==

"@prisma/debug@7.9.0":
  version "7.9.0"
  resolved "https://registry.yarnpkg.com/@prisma/debug/-/debug-7.9.0.tgz#69560a324bd8d566c1fd111ce9ea1205a7dbae35"
  integrity sha512-i0KdVQuKUE6N9NloHs+sUNAk2c9svR3myBndQbA3BoeoArsSpwtNgTdHZL+wBtCLCcdS2OOC/PKhgTe36jkF5A==

"@prisma/dmmf@7.9.0":
  version "7.9.0"
  resolved "https://registry.yarnpkg.com/@prisma/dmmf/-/dmmf-7.9.0.tgz#998178b3607e4d81d3d86c4e634ff8f043a2abf9"
  integrity sha512-XpS08oSPWAmQFuuvEo6gMXnNCmTHZ4U2uxY9SsxjZ8RUOWJfajVF8wkM9mL2EyWreje9YXNesCbvEYrSLukK6Q==

"@prisma/engines-version@5.14.0-25.e9771e62de70f79a5e1c604a2d7c8e2a0a874b48":
  version "5.14.0-25.e9771e62de70f79a5e1c604a2d7c8e2a0a874b48"
  resolved "https://registry.yarnpkg.com/@prisma/engines-version/-/engines-version-5.14.0-25.e9771e62de70f79a5e1c604a2d7c8e2a0a874b48.tgz#019c3c75a5c3276e580685fe48cdbfd181176858"
  integrity sha512-ip6pNkRo1UxWv+6toxNcYvItNYaqQjXdFNGJ+Nuk2eYtRoEdoF13wxo7/jsClJFFenMPVNVqXQDV0oveXnR1cA==

"@prisma/engines@5.14.0":
  version "5.14.0"
  resolved "https://registry.yarnpkg.com/@prisma/engines/-/engines-5.14.0.tgz#2ee91dd2220a726c27c906fbea788bbb3efdac6e"
  integrity sha512-lgxkKZ6IEygVcw6IZZUlPIfLQ9hjSYAtHjZ5r64sCLDgVzsPFCi2XBBJgzPMkOQ5RHzUD4E/dVdpn9+ez8tk1A==
  dependencies:
    "@prisma/debug" "5.14.0"
    "@prisma/engines-version" "5.14.0-25.e9771e62de70f79a5e1c604a2d7c8e2a0a874b48"
    "@prisma/fetch-engine" "5.14.0"
    "@prisma/get-platform" "5.14.0"

"@prisma/fetch-engine@5.14.0":
  version "5.14.0"
  resolved "https://registry.yarnpkg.com/@prisma/fetch-engine/-/fetch-engine-5.14.0.tgz#45297c118d4ec3fea55129886edd5a429da1f6da"
  integrity sha512-VrheA9y9DMURK5vu8OJoOgQpxOhas3qF0IBHJ8G/0X44k82kc8E0w98HCn2nhnbOOMwbWsJWXfLC2/F8n5u0gQ==
  dependencies:
    "@prisma/debug" "5.14.0"
    "@prisma/engines-version" "5.14.0-25.e9771e62de70f79a5e1c604a2d7c8e2a0a874b48"
    "@prisma/get-platform" "5.14.0"

"@prisma/generator-helper@^7.7.0":
  version "7.9.0"
  resolved "https://registry.yarnpkg.com/@prisma/generator-helper/-/generator-helper-7.9.0.tgz#aa08a7d383a0c33059541cca270c9066edb0d761"
  integrity sha512-iFPTZ5AfP3yjV+u4FunwLGGS1O/GcXLHolXSsTEoAtp6y/cLLBxjnJWrOm2GU/op9K28slFOH3xtvRq3CNZMcA==
  dependencies:
    "@prisma/debug" "7.9.0"
    "@prisma/dmmf" "7.9.0"
    "@prisma/generator" "7.9.0"

"@prisma/generator@7.9.0":
  version "7.9.0"
  resolved "https://registry.yarnpkg.com/@prisma/generator/-/generator-7.9.0.tgz#3f10526052894c0c5bf7edc59de3e84cc26e480f"
  integrity sha512-CzMNeDwfaRr8tt9eKw29iZ0y0TMWrzHfZ0yvzLTJLIuSoZ9qbkVq1KXA3ELVNdLOU3ch8OFU8Ljie5EsyPpH7g==

"@prisma/get-platform@5.14.0":
  version "5.14.0"
  resolved "https://registry.yarnpkg.com/@prisma/get-platform/-/get-platform-5.14.0.tgz#69112d3dde61905f59a65ed818f153e153ca40f0"
  integrity sha512-/yAyBvcEjRv41ynZrhdrPtHgk47xLRRq/o5eWGcUpBJ1YrUZTYB8EoPiopnP7iQrMATK8stXQdPOoVlrzuTQZw==
  dependencies:
    "@prisma/debug" "5.14.0"

"@repeaterjs/repeater@^3.0.4", "@repeaterjs/repeater@^3.1.0":
  version "3.1.0"
  resolved "https://registry.yarnpkg.com/@repeaterjs/repeater/-/repeater-3.1.0.tgz#312b20a655e5b3ebfe8b1e04ec7df567bcb48d87"
  integrity sha512-TaoVksZRSx2KWYYpyLQtMQXXeS98VsgZImzW65xmiVgbYhXLk+aEsmzPLirqVuE4/XuUapH2iMtxUzaBNDzdSQ==

"@types/node@^26.1.1":
  version "26.1.1"
  resolved "https://registry.yarnpkg.com/@types/node/-/node-26.1.1.tgz#bad758d601e97d6cf457d204ee76a35fce7bd119"
  integrity sha512-nxAkRSVkN1Y0JC1W8ky/fTfkGsMmcrRsbx+3XoZE+rMOX71kLYTV7fLXpqud1GpbpP5TuffXFqfX7fH2GgZREw==
  dependencies:
    undici-types "~8.3.0"

"@whatwg-node/disposablestack@^0.0.6":
  version "0.0.6"
  resolved "https://registry.yarnpkg.com/@whatwg-node/disposablestack/-/disposablestack-0.0.6.tgz#2064a1425ea66194def6df0c7a1851b6939c82bb"
  integrity sha512-LOtTn+JgJvX8WfBVJtF08TGrdjuFzGJc4mkP8EdDI8ADbvO7kiexYep1o8dwnt0okb0jYclCDXF13xU7Ge4zSw==
  dependencies:
    "@whatwg-node/promise-helpers" "^1.0.0"
    tslib "^2.6.3"

"@whatwg-node/events@^0.1.0":
  version "0.1.2"
  resolved "https://registry.yarnpkg.com/@whatwg-node/events/-/events-0.1.2.tgz#23f7c7ad887d7fd448e9ce3261eac9ef319ddd7c"
  integrity sha512-ApcWxkrs1WmEMS2CaLLFUEem/49erT3sxIVjpzU5f6zmVcnijtDSrhoK2zVobOIikZJdH63jdAXOrvjf6eOUNQ==
  dependencies:
    tslib "^2.6.3"

"@whatwg-node/fetch@^0.10.13", "@whatwg-node/fetch@^0.10.6":
  version "0.10.13"
  resolved "https://registry.yarnpkg.com/@whatwg-node/fetch/-/fetch-0.10.13.tgz#2d47190c620f134dda31c7f827976a909b2cca7a"
  integrity sha512-b4PhJ+zYj4357zwk4TTuF2nEe0vVtOrwdsrNo5hL+u1ojXNhh1FgJ6pg1jzDlwlT4oBdzfSwaBwMCtFCsIWg8Q==
  dependencies:
    "@whatwg-node/node-fetch" "^0.8.3"
    urlpattern-polyfill "^10.0.0"

"@whatwg-node/node-fetch@^0.8.3":
  version "0.8.6"
  resolved "https://registry.yarnpkg.com/@whatwg-node/node-fetch/-/node-fetch-0.8.6.tgz#22c5235f49c69c6b2cfc63d4a759de407a8fc664"
  integrity sha512-BDMdYFcerLQkwA2RTldxOqRCs6ZQD1S7UgP3pUdGUkcbgTrP/V5ko77ZkCww9DHmC4lpoYuwigGfQYj285gMvA==
  dependencies:
    "@fastify/busboy" "^3.1.1"
    "@whatwg-node/disposablestack" "^0.0.6"
    "@whatwg-node/promise-helpers" "^1.3.2"
    tslib "^2.6.3"

"@whatwg-node/promise-helpers@^1.0.0", "@whatwg-node/promise-helpers@^1.2.1", "@whatwg-node/promise-helpers@^1.2.4", "@whatwg-node/promise-helpers@^1.3.2":
  version "1.3.2"
  resolved "https://registry.yarnpkg.com/@whatwg-node/promise-helpers/-/promise-helpers-1.3.2.tgz#3b54987ad6517ef6db5920c66a6f0dada606587d"
  integrity sha512-Nst5JdK47VIl9UcGwtv2Rcgyn5lWtZ0/mhRQ4G8NN2isxpq2TO30iqHzmwoJycjWuyUfg3GFXqP/gFHXeV57IA==
  dependencies:
    tslib "^2.6.3"

"@whatwg-node/server@^0.11.0":
  version "0.11.0"
  resolved "https://registry.yarnpkg.com/@whatwg-node/server/-/server-0.11.0.tgz#307e0d84f94da2f0cbd1798bab430404b468a239"
  integrity sha512-VSdkwnJRr8Yv9UgB2aXB3VUPWwd6Oqnn0hycFwhg9pZgWxJXb7JmhsiXe9tmpMwjHFxli12PGcz9aI63YYloGQ==
  dependencies:
    "@envelop/instrumentation" "^1.0.0"
    "@whatwg-node/disposablestack" "^0.0.6"
    "@whatwg-node/fetch" "^0.10.13"
    "@whatwg-node/promise-helpers" "^1.3.2"
    tslib "^2.6.3"

cross-inspect@1.0.1:
  version "1.0.1"
  resolved "https://registry.yarnpkg.com/cross-inspect/-/cross-inspect-1.0.1.tgz#15f6f65e4ca963cf4cc1a2b5fef18f6ca328712b"
  integrity sha512-Pcw1JTvZLSJH83iiGWt6fRcT+BjZlCDRVwYLbUcHzv/CRpB7r0MlSrGbIyQvVSNyGnbt7G4AXuyCiDR3POvZ1A==
  dependencies:
    tslib "^2.4.0"

dotenv@^17.4.2:
  version "17.4.2"
  resolved "https://registry.yarnpkg.com/dotenv/-/dotenv-17.4.2.tgz#c07e54a746e11eba021dd9e1047ced5afdc1c034"
  integrity sha512-nI4U3TottKAcAD9LLud4Cb7b2QztQMUEfHbvhTH09bqXTxnSie8WnjPALV/WMCrJZ6UV/qHJ6L03OqO3LcdYZw==

esbuild@~0.28.0:
  version "0.28.1"
  resolved "https://registry.yarnpkg.com/esbuild/-/esbuild-0.28.1.tgz#ef45b4634c9c9d97a296aea4114a5f9840f95578"
  integrity sha512-HrJrvZv5ayxBzPfwphOoNzkzOIIlifzk0KJrGK2c8R4+LKpMtpYLQeUdjnwjWv/LZlkH2laZk+4w78pi99D4Vw==
  optionalDependencies:
    "@esbuild/aix-ppc64" "0.28.1"
    "@esbuild/android-arm" "0.28.1"
    "@esbuild/android-arm64" "0.28.1"
    "@esbuild/android-x64" "0.28.1"
    "@esbuild/darwin-arm64" "0.28.1"
    "@esbuild/darwin-x64" "0.28.1"
    "@esbuild/freebsd-arm64" "0.28.1"
    "@esbuild/freebsd-x64" "0.28.1"
    "@esbuild/linux-arm" "0.28.1"
    "@esbuild/linux-arm64" "0.28.1"
    "@esbuild/linux-ia32" "0.28.1"
    "@esbuild/linux-loong64" "0.28.1"
    "@esbuild/linux-mips64el" "0.28.1"
    "@esbuild/linux-ppc64" "0.28.1"
    "@esbuild/linux-riscv64" "0.28.1"
    "@esbuild/linux-s390x" "0.28.1"
    "@esbuild/linux-x64" "0.28.1"
    "@esbuild/netbsd-arm64" "0.28.1"
    "@esbuild/netbsd-x64" "0.28.1"
    "@esbuild/openbsd-arm64" "0.28.1"
    "@esbuild/openbsd-x64" "0.28.1"
    "@esbuild/openharmony-arm64" "0.28.1"
    "@esbuild/sunos-x64" "0.28.1"
    "@esbuild/win32-arm64" "0.28.1"
    "@esbuild/win32-ia32" "0.28.1"
    "@esbuild/win32-x64" "0.28.1"

fsevents@~2.3.3:
  version "2.3.3"
  resolved "https://registry.yarnpkg.com/fsevents/-/fsevents-2.3.3.tgz#cac6407785d03675a2a5e1a5305c697b347d90d6"
  integrity sha512-5xoDfX+fL7faATnagmWPpbFtwh/R77WmMMqqHGS65C3vvB0YHrgF+B1YmZ3441tMj5n63k0212XNoJwzlhffQw==

graphql-scalars@^1.25.0:
  version "1.25.0"
  resolved "https://registry.yarnpkg.com/graphql-scalars/-/graphql-scalars-1.25.0.tgz#88f2891d60942c420286a2e76a29abfe645ac899"
  integrity sha512-b0xyXZeRFkne4Eq7NAnL400gStGqG/Sx9VqX0A05nHyEbv57UJnWKsjNnrpVqv5e/8N1MUxkt0wwcRXbiyKcFg==
  dependencies:
    tslib "^2.5.0"

graphql-yoga@^5.21.2:
  version "5.21.2"
  resolved "https://registry.yarnpkg.com/graphql-yoga/-/graphql-yoga-5.21.2.tgz#93c8c15c67b7b515d3c6d70b70b9261984fe97fe"
  integrity sha512-IIRF/3xtjj2D6caAWL9177hQ8tV3mWB3hve1GRnz7njPhQ3iY1jFtSp98fNGv0yV9kaPh9kKQ8JWdJZnedVmDw==
  dependencies:
    "@envelop/core" "^5.5.1"
    "@envelop/instrumentation" "^1.0.0"
    "@graphql-tools/executor" "^1.5.0"
    "@graphql-tools/schema" "^10.0.11"
    "@graphql-tools/utils" "^10.11.0"
    "@graphql-yoga/logger" "^2.0.1"
    "@graphql-yoga/subscription" "^5.0.5"
    "@whatwg-node/fetch" "^0.10.6"
    "@whatwg-node/promise-helpers" "^1.3.2"
    "@whatwg-node/server" "^0.11.0"
    lru-cache "^10.0.0"
    tslib "^2.8.1"

graphql@^17.0.2:
  version "17.0.2"
  resolved "https://registry.yarnpkg.com/graphql/-/graphql-17.0.2.tgz#05ff6f18e0801e8d040d46957eba712c1459d5d7"
  integrity sha512-FRWbddMxfkjiB7z+aQDWIR+E34xo9I8c9mtK2RPv8PmMzKRvrdsreHL/Ui/TmwHJfhHChEtsFPyMHKI+xuarQQ==

lru-cache@^10.0.0:
  version "10.4.3"
  resolved "https://registry.yarnpkg.com/lru-cache/-/lru-cache-10.4.3.tgz#410fc8a17b70e598013df257c2446b7f3383f119"
  integrity sha512-JNAzZcXrCt42VGLuYz0zfAzDfAvJWW6AfYlDBQyDV5DClI2m5sAmK+OIO7s59XfsRsWHp02jAJrRadPRGTt6SQ==

prisma@5.14.0:
  version "5.14.0"
  resolved "https://registry.yarnpkg.com/prisma/-/prisma-5.14.0.tgz#ffc4696a43b044b636c3303b7aa98c13c2ade4dd"
  integrity sha512-gCNZco7y5XtjrnQYeDJTiVZmT/ncqCr5RY1/Cf8X2wgLRmyh9ayPAGBNziI4qEE4S6SxCH5omQLVo9lmURaJ/Q==
  dependencies:
    "@prisma/engines" "5.14.0"

tslib@^2.4.0, tslib@^2.5.0, tslib@^2.6.3, tslib@^2.8.1:
  version "2.8.1"
  resolved "https://registry.yarnpkg.com/tslib/-/tslib-2.8.1.tgz#612efe4ed235d567e8aba5f2a5fab70280ade83f"
  integrity sha512-oJFu94HQb+KVduSUQL7wnpmqnfmLsOA/nAh6b6EH0wCEoK0/mPeXU6c3wKDV83MkOuHPRHtSXKKU99IBazS/2w==

tsx@^4.23.1:
  version "4.23.1"
  resolved "https://registry.yarnpkg.com/tsx/-/tsx-4.23.1.tgz#1703da002ee4432b9a053917431f91462fca235b"
  integrity sha512-GQHnkIfxyx1wYCOS/wonik5MVRZU9hi1TEZmzGZSCJB1y9YgoZ8H6itNE/u4suE+yLmOzuE4E5S4TZ/ZX2wcWQ==
  dependencies:
    esbuild "~0.28.0"
  optionalDependencies:
    fsevents "~2.3.3"

typescript@5:
  version "5.9.3"
  resolved "https://registry.yarnpkg.com/typescript/-/typescript-5.9.3.tgz#5b4f59e15310ab17a216f5d6cf53ee476ede670f"
  integrity sha512-jl1vZzPDinLr9eUt3J/t7V6FgNEw9QjvBPdysz9KfQDD41fQrC2Y4vKQdiaUpFT4bXlb1RHhLpp8wtm6M5TgSw==

undici-types@~8.3.0:
  version "8.3.0"
  resolved "https://registry.yarnpkg.com/undici-types/-/undici-types-8.3.0.tgz#44e9fc9f3244648cdea35e4f9bb2d681e9410809"
  integrity sha512-j375ScV60dom+YkPFIfTLcOiPxkN/buHz5GobjLhixFuANaNs3C9l4GmrWqejgXWJ7BbJcFYpTEUkS1Ge8bpZQ==

urlpattern-polyfill@^10.0.0:
  version "10.1.0"
  resolved "https://registry.yarnpkg.com/urlpattern-polyfill/-/urlpattern-polyfill-10.1.0.tgz#1b2517e614136c73ba32948d5e7a3a063cba8e74"
  integrity sha512-IGjKp/o0NL3Bso1PymYURCJxMPNAf/ILOpendP9f5B6e1rTJgdgiOvgfoT8VxCAdY+Wisb9uhGaJJf3yZ2V9nw==
